
Microsoft Visual Studio Solution File, Format Version 12.00
# Visual Studio Version 17
VisualStudioVersion = 17.1.32210.238
MinimumVisualStudioVersion = 10.0.40219.1
Project("{FAE04EC0-301F-11D3-BF4B-00C04F79EFBC}") = "Clase_04", "Clase_04\Clase_04.csproj", "{CBCE78DD-B941-4D36-892B-14B5BDB2D153}"
EndProject
Global
	GlobalSection(SolutionConfigurationPlatforms) = preSolution
		Debug|Any CPU = Debug|Any CPU
		Release|Any CPU = Release|Any CPU
	EndGlobalSection
	GlobalSection(ProjectConfigurationPlatforms) = postSolution
		{CBCE78DD-B941-4D36-892B-14B5BDB2D153}.Debug|Any CPU.ActiveCfg = Debug|Any CPU
		{CBCE78DD-B941-4D36-892B-14B5BDB2D153}.Debug|Any CPU.Build.0 = Debug|Any CPU
		{CBCE78DD-B941-4D36-892B-14B5BDB2D153}.Release|Any CPU.ActiveCfg = Release|Any CPU
		{CBCE78DD-B941-4D36-892B-14B5BDB2D153}.Release|Any CPU.Build.0 = Release|Any CPU
	EndGlobalSection
	GlobalSection(SolutionProperties) = preSolution
		HideSolutionNode = FALSE
	EndGlobalSection
	GlobalSection(ExtensibilityGlobals) = postSolution
		SolutionGuid = {3B67D407-8B08-4C08-B612-64E73013B104}
	EndGlobalSection
EndGlobal
